
Microsoft Visual Studio Solution File, Format Version 12.00
# Visual Studio Version 16
VisualStudioVersion = 16.0.31424.327
MinimumVisualStudioVersion = 10.0.40219.1
Project("{FAE04EC0-301F-11D3-BF4B-00C04F79EFBC}") = "06_MVS_WithMVCTemplate", "06_MVS_WithMVCTemplate\06_MVS_WithMVCTemplate.csproj", "{4ADF209A-3C01-49DF-91DC-4891A4737BD4}"
EndProject
Global
	GlobalSection(SolutionConfigurationPlatforms) = preSolution
		Debug|Any CPU = Debug|Any CPU
		Release|Any CPU = Release|Any CPU
	EndGlobalSection
	GlobalSection(ProjectConfigurationPlatforms) = postSolution
		{4ADF209A-3C01-49DF-91DC-4891A4737BD4}.Debug|Any CPU.ActiveCfg = Debug|Any CPU
		{4ADF209A-3C01-49DF-91DC-4891A4737BD4}.Debug|Any CPU.Build.0 = Debug|Any CPU
		{4ADF209A-3C01-49DF-91DC-4891A4737BD4}.Release|Any CPU.ActiveCfg = Release|Any CPU
		{4ADF209A-3C01-49DF-91DC-4891A4737BD4}.Release|Any CPU.Build.0 = Release|Any CPU
	EndGlobalSection
	GlobalSection(SolutionProperties) = preSolution
		HideSolutionNode = FALSE
	EndGlobalSection
	GlobalSection(ExtensibilityGlobals) = postSolution
		SolutionGuid = {427CB3BB-9BFB-40F3-8613-58CAE20F6D52}
	EndGlobalSection
EndGlobal
