
Microsoft Visual Studio Solution File, Format Version 12.00
# Visual Studio Version 16
VisualStudioVersion = 16.0.32228.343
MinimumVisualStudioVersion = 10.0.40219.1
Project("{FAE04EC0-301F-11D3-BF4B-00C04F79EFBC}") = "Kutuphane_MVC_EF", "Kutuphane_MVC_EF\Kutuphane_MVC_EF.csproj", "{800D6970-CA8B-4302-B035-880BE79C8FCB}"
EndProject
Global
	GlobalSection(SolutionConfigurationPlatforms) = preSolution
		Debug|Any CPU = Debug|Any CPU
		Release|Any CPU = Release|Any CPU
	EndGlobalSection
	GlobalSection(ProjectConfigurationPlatforms) = postSolution
		{800D6970-CA8B-4302-B035-880BE79C8FCB}.Debug|Any CPU.ActiveCfg = Debug|Any CPU
		{800D6970-CA8B-4302-B035-880BE79C8FCB}.Debug|Any CPU.Build.0 = Debug|Any CPU
		{800D6970-CA8B-4302-B035-880BE79C8FCB}.Release|Any CPU.ActiveCfg = Release|Any CPU
		{800D6970-CA8B-4302-B035-880BE79C8FCB}.Release|Any CPU.Build.0 = Release|Any CPU
	EndGlobalSection
	GlobalSection(SolutionProperties) = preSolution
		HideSolutionNode = FALSE
	EndGlobalSection
	GlobalSection(ExtensibilityGlobals) = postSolution
		SolutionGuid = {E05059DB-90B1-402E-B09A-E526B685E3D9}
	EndGlobalSection
EndGlobal
